
Microsoft Visual Studio Solution File, Format Version 12.00
# Visual Studio 15
Project("{FAE04EC0-301F-11D3-BF4B-00C04F79EFBC}") = "SampleApp.Android", "SampleApp.Android\SampleApp.Android.csproj", "{4F131B07-FE04-4F80-B99B-0CEEF74BE73E}"
EndProject
Project("{FAE04EC0-301F-11D3-BF4B-00C04F79EFBC}") = "SampleApp.iOS", "SampleApp.iOS\SampleApp.iOS.csproj", "{6E715949-AE69-4EE9-B71A-B087D12D96F1}"
EndProject
Project("{FAE04EC0-301F-11D3-BF4B-00C04F79EFBC}") = "SampleApp", "SampleApp\SampleApp.csproj", "{EC13B27B-F199-47A0-87CE-1E8DAB71E3F5}"
EndProject
Project("{FAE04EC0-301F-11D3-BF4B-00C04F79EFBC}") = "Services", "Services\Services.csproj", "{32A166C5-460F-4B57-A010-0BDB283A4E37}"
EndProject
Global
	GlobalSection(SolutionConfigurationPlatforms) = preSolution
		Debug|Any CPU = Debug|Any CPU
		Release|Any CPU = Release|Any CPU
		Debug|iPhoneSimulator = Debug|iPhoneSimulator
		Release|iPhoneSimulator = Release|iPhoneSimulator
		Debug|iPhone = Debug|iPhone
		Release|iPhone = Release|iPhone
	EndGlobalSection
	GlobalSection(ProjectConfigurationPlatforms) = postSolution
		{4F131B07-FE04-4F80-B99B-0CEEF74BE73E}.Debug|Any CPU.ActiveCfg = Debug|Any CPU
		{4F131B07-FE04-4F80-B99B-0CEEF74BE73E}.Debug|Any CPU.Build.0 = Debug|Any CPU
		{4F131B07-FE04-4F80-B99B-0CEEF74BE73E}.Release|Any CPU.ActiveCfg = Release|Any CPU
		{4F131B07-FE04-4F80-B99B-0CEEF74BE73E}.Release|Any CPU.Build.0 = Release|Any CPU
		{4F131B07-FE04-4F80-B99B-0CEEF74BE73E}.Debug|iPhoneSimulator.ActiveCfg = Debug|Any CPU
		{4F131B07-FE04-4F80-B99B-0CEEF74BE73E}.Debug|iPhoneSimulator.Build.0 = Debug|Any CPU
		{4F131B07-FE04-4F80-B99B-0CEEF74BE73E}.Release|iPhoneSimulator.ActiveCfg = Release|Any CPU
		{4F131B07-FE04-4F80-B99B-0CEEF74BE73E}.Release|iPhoneSimulator.Build.0 = Release|Any CPU
		{4F131B07-FE04-4F80-B99B-0CEEF74BE73E}.Debug|iPhone.ActiveCfg = Debug|Any CPU
		{4F131B07-FE04-4F80-B99B-0CEEF74BE73E}.Debug|iPhone.Build.0 = Debug|Any CPU
		{4F131B07-FE04-4F80-B99B-0CEEF74BE73E}.Release|iPhone.ActiveCfg = Release|Any CPU
		{4F131B07-FE04-4F80-B99B-0CEEF74BE73E}.Release|iPhone.Build.0 = Release|Any CPU
		{6E715949-AE69-4EE9-B71A-B087D12D96F1}.Debug|Any CPU.ActiveCfg = Debug|iPhoneSimulator
		{6E715949-AE69-4EE9-B71A-B087D12D96F1}.Debug|Any CPU.Build.0 = Debug|iPhoneSimulator
		{6E715949-AE69-4EE9-B71A-B087D12D96F1}.Release|Any CPU.ActiveCfg = Release|iPhoneSimulator
		{6E715949-AE69-4EE9-B71A-B087D12D96F1}.Release|Any CPU.Build.0 = Release|iPhoneSimulator
		{6E715949-AE69-4EE9-B71A-B087D12D96F1}.Debug|iPhoneSimulator.ActiveCfg = Debug|iPhoneSimulator
		{6E715949-AE69-4EE9-B71A-B087D12D96F1}.Debug|iPhoneSimulator.Build.0 = Debug|iPhoneSimulator
		{6E715949-AE69-4EE9-B71A-B087D12D96F1}.Release|iPhoneSimulator.ActiveCfg = Release|iPhoneSimulator
		{6E715949-AE69-4EE9-B71A-B087D12D96F1}.Release|iPhoneSimulator.Build.0 = Release|iPhoneSimulator
		{6E715949-AE69-4EE9-B71A-B087D12D96F1}.Debug|iPhone.ActiveCfg = Debug|iPhone
		{6E715949-AE69-4EE9-B71A-B087D12D96F1}.Debug|iPhone.Build.0 = Debug|iPhone
		{6E715949-AE69-4EE9-B71A-B087D12D96F1}.Release|iPhone.ActiveCfg = Release|iPhone
		{6E715949-AE69-4EE9-B71A-B087D12D96F1}.Release|iPhone.Build.0 = Release|iPhone
		{EC13B27B-F199-47A0-87CE-1E8DAB71E3F5}.Debug|Any CPU.ActiveCfg = Debug|Any CPU
		{EC13B27B-F199-47A0-87CE-1E8DAB71E3F5}.Debug|Any CPU.Build.0 = Debug|Any CPU
		{EC13B27B-F199-47A0-87CE-1E8DAB71E3F5}.Release|Any CPU.ActiveCfg = Release|Any CPU
		{EC13B27B-F199-47A0-87CE-1E8DAB71E3F5}.Release|Any CPU.Build.0 = Release|Any CPU
		{EC13B27B-F199-47A0-87CE-1E8DAB71E3F5}.Debug|iPhoneSimulator.ActiveCfg = Debug|Any CPU
		{EC13B27B-F199-47A0-87CE-1E8DAB71E3F5}.Debug|iPhoneSimulator.Build.0 = Debug|Any CPU
		{EC13B27B-F199-47A0-87CE-1E8DAB71E3F5}.Release|iPhoneSimulator.ActiveCfg = Release|Any CPU
		{EC13B27B-F199-47A0-87CE-1E8DAB71E3F5}.Release|iPhoneSimulator.Build.0 = Release|Any CPU
		{EC13B27B-F199-47A0-87CE-1E8DAB71E3F5}.Debug|iPhone.ActiveCfg = Debug|Any CPU
		{EC13B27B-F199-47A0-87CE-1E8DAB71E3F5}.Debug|iPhone.Build.0 = Debug|Any CPU
		{EC13B27B-F199-47A0-87CE-1E8DAB71E3F5}.Release|iPhone.ActiveCfg = Release|Any CPU
		{EC13B27B-F199-47A0-87CE-1E8DAB71E3F5}.Release|iPhone.Build.0 = Release|Any CPU
		{32A166C5-460F-4B57-A010-0BDB283A4E37}.Debug|Any CPU.ActiveCfg = Debug|Any CPU
		{32A166C5-460F-4B57-A010-0BDB283A4E37}.Debug|Any CPU.Build.0 = Debug|Any CPU
		{32A166C5-460F-4B57-A010-0BDB283A4E37}.Release|Any CPU.ActiveCfg = Release|Any CPU
		{32A166C5-460F-4B57-A010-0BDB283A4E37}.Release|Any CPU.Build.0 = Release|Any CPU
		{32A166C5-460F-4B57-A010-0BDB283A4E37}.Debug|iPhoneSimulator.ActiveCfg = Debug|Any CPU
		{32A166C5-460F-4B57-A010-0BDB283A4E37}.Debug|iPhoneSimulator.Build.0 = Debug|Any CPU
		{32A166C5-460F-4B57-A010-0BDB283A4E37}.Release|iPhoneSimulator.ActiveCfg = Release|Any CPU
		{32A166C5-460F-4B57-A010-0BDB283A4E37}.Release|iPhoneSimulator.Build.0 = Release|Any CPU
		{32A166C5-460F-4B57-A010-0BDB283A4E37}.Debug|iPhone.ActiveCfg = Debug|Any CPU
		{32A166C5-460F-4B57-A010-0BDB283A4E37}.Debug|iPhone.Build.0 = Debug|Any CPU
		{32A166C5-460F-4B57-A010-0BDB283A4E37}.Release|iPhone.ActiveCfg = Release|Any CPU
		{32A166C5-460F-4B57-A010-0BDB283A4E37}.Release|iPhone.Build.0 = Release|Any CPU
	EndGlobalSection
EndGlobal
